{
  "name": "review-bundle-generator",
  "version": "0.1.0",
  "lockfileVersion": 3,
  "requires": true,
  "packages": {
    "": {
      "name": "review-bundle-generator",
      "version": "0.1.0",
      "bin": {
        "review-bundle": "src/cli.js"
      },
      "engines": {
        "node": ">=22"
      }
    }
  }
}
